
Microsoft Visual Studio Solution File, Format Version 12.00
# Visual Studio Version 16
VisualStudioVersion = 16.0.31729.503
MinimumVisualStudioVersion = 10.0.40219.1
Project("{FAE04EC0-301F-11D3-BF4B-00C04F79EFBC}") = "name_input", "name_input\name_input.csproj", "{ADAC544D-A171-4F20-B382-BCB32FFF75A9}"
EndProject
Global
	GlobalSection(SolutionConfigurationPlatforms) = preSolution
		Debug|Any CPU = Debug|Any CPU
		Release|Any CPU = Release|Any CPU
	EndGlobalSection
	GlobalSection(ProjectConfigurationPlatforms) = postSolution
		{ADAC544D-A171-4F20-B382-BCB32FFF75A9}.Debug|Any CPU.ActiveCfg = Debug|Any CPU
		{ADAC544D-A171-4F20-B382-BCB32FFF75A9}.Debug|Any CPU.Build.0 = Debug|Any CPU
		{ADAC544D-A171-4F20-B382-BCB32FFF75A9}.Release|Any CPU.ActiveCfg = Release|Any CPU
		{ADAC544D-A171-4F20-B382-BCB32FFF75A9}.Release|Any CPU.Build.0 = Release|Any CPU
	EndGlobalSection
	GlobalSection(SolutionProperties) = preSolution
		HideSolutionNode = FALSE
	EndGlobalSection
	GlobalSection(ExtensibilityGlobals) = postSolution
		SolutionGuid = {A08E5980-33A9-4611-8473-C6CA1E06DDB4}
	EndGlobalSection
EndGlobal
